// !$*UTF8*$!
{
	archiveVersion = 1;
	classes = {
	};
	objectVersion = 56;
	objects = {

/* Begin PBXBuildFile section */
		87EB41AE295B076F006745C3 /* SwiftDevelopersHandbookApp.swift in Sources */ = {isa = PBXBuildFile; fileRef = 87EB41AD295B076F006745C3 /* SwiftDevelopersHandbookApp.swift */; };
		87EB41B2295B0770006745C3 /* Assets.xcassets in Resources */ = {isa = PBXBuildFile; fileRef = 87EB41B1295B0770006745C3 /* Assets.xcassets */; };
		87EB41B5295B0770006745C3 /* Preview Assets.xcassets in Resources */ = {isa = PBXBuildFile; fileRef = 87EB41B4295B0770006745C3 /* Preview Assets.xcassets */; };
		87EB41BF295B0770006745C3 /* SwiftDevelopersHandbookTests.swift in Sources */ = {isa = PBXBuildFile; fileRef = 87EB41BE295B0770006745C3 /* SwiftDevelopersHandbookTests.swift */; };
		87EB41C9295B0770006745C3 /* SwiftDevelopersHandbookUITests.swift in Sources */ = {isa = PBXBuildFile; fileRef = 87EB41C8295B0770006745C3 /* SwiftDevelopersHandbookUITests.swift */; };
		87EB41CB295B0770006745C3 /* SwiftDevelopersHandbookUITestsLaunchTests.swift in Sources */ = {isa = PBXBuildFile; fileRef = 87EB41CA295B0770006745C3 /* SwiftDevelopersHandbookUITestsLaunchTests.swift */; };
		87EB41DC295B235A006745C3 /* MenuView.swift in Sources */ = {isa = PBXBuildFile; fileRef = 87EB41DB295B235A006745C3 /* MenuView.swift */; };
		87EB41DE295B24D6006745C3 /* MainView.swift in Sources */ = {isa = PBXBuildFile; fileRef = 87EB41DD295B24D6006745C3 /* MainView.swift */; };
		87EB41E2295B9272006745C3 /* Menu.plist in Resources */ = {isa = PBXBuildFile; fileRef = 87EB41E1295B9272006745C3 /* Menu.plist */; };
		87EB41E4295CC246006745C3 /* MenuListProvider.swift in Sources */ = {isa = PBXBuildFile; fileRef = 87EB41E3295CC246006745C3 /* MenuListProvider.swift */; };
/* End PBXBuildFile section */

/* Begin PBXContainerItemProxy section */
		87EB41BB295B0770006745C3 /* PBXContainerItemProxy */ = {
			isa = PBXContainerItemProxy;
			containerPortal = 87EB41A2295B076F006745C3 /* Project object */;
			proxyType = 1;
			remoteGlobalIDString = 87EB41A9295B076F006745C3;
			remoteInfo = SwiftDevelopersHandbook;
		};
		87EB41C5295B0770006745C3 /* PBXContainerItemProxy */ = {
			isa = PBXContainerItemProxy;
			containerPortal = 87EB41A2295B076F006745C3 /* Project object */;
			proxyType = 1;
			remoteGlobalIDString = 87EB41A9295B076F006745C3;
			remoteInfo = SwiftDevelopersHandbook;
		};
/* End PBXContainerItemProxy section */

/* Begin PBXFileReference section */
		87EB41AA295B076F006745C3 /* SwiftDevelopersHandbook.app */ = {isa = PBXFileReference; explicitFileType = wrapper.application; includeInIndex = 0; path = SwiftDevelopersHandbook.app; sourceTree = BUILT_PRODUCTS_DIR; };
		87EB41AD295B076F006745C3 /* SwiftDevelopersHandbookApp.swift */ = {isa = PBXFileReference; lastKnownFileType = sourcecode.swift; path = SwiftDevelopersHandbookApp.swift; sourceTree = "<group>"; };
		87EB41B1295B0770006745C3 /* Assets.xcassets */ = {isa = PBXFileReference; lastKnownFileType = folder.assetcatalog; path = Assets.xcassets; sourceTree = "<group>"; };
		87EB41B4295B0770006745C3 /* Preview Assets.xcassets */ = {isa = PBXFileReference; lastKnownFileType = folder.assetcatalog; path = "Preview Assets.xcassets"; sourceTree = "<group>"; };
		87EB41BA295B0770006745C3 /* SwiftDevelopersHandbookTests.xctest */ = {isa = PBXFileReference; explicitFileType = wrapper.cfbundle; includeInIndex = 0; path = SwiftDevelopersHandbookTests.xctest; sourceTree = BUILT_PRODUCTS_DIR; };
		87EB41BE295B0770006745C3 /* SwiftDevelopersHandbookTests.swift */ = {isa = PBXFileReference; lastKnownFileType = sourcecode.swift; path = SwiftDevelopersHandbookTests.swift; sourceTree = "<group>"; };
		87EB41C4295B0770006745C3 /* SwiftDevelopersHandbookUITests.xctest */ = {isa = PBXFileReference; explicitFileType = wrapper.cfbundle; includeInIndex = 0; path = SwiftDevelopersHandbookUITests.xctest; sourceTree = BUILT_PRODUCTS_DIR; };
		87EB41C8295B0770006745C3 /* SwiftDevelopersHandbookUITests.swift */ = {isa = PBXFileReference; lastKnownFileType = sourcecode.swift; path = SwiftDevelopersHandbookUITests.swift; sourceTree = "<group>"; };
		87EB41CA295B0770006745C3 /* SwiftDevelopersHandbookUITestsLaunchTests.swift */ = {isa = PBXFileReference; lastKnownFileType = sourcecode.swift; path = SwiftDevelopersHandbookUITestsLaunchTests.swift; sourceTree = "<group>"; };
		87EB41DB295B235A006745C3 /* MenuView.swift */ = {isa = PBXFileReference; lastKnownFileType = sourcecode.swift; path = MenuView.swift; sourceTree = "<group>"; };
		87EB41DD295B24D6006745C3 /* MainView.swift */ = {isa = PBXFileReference; lastKnownFileType = sourcecode.swift; path = MainView.swift; sourceTree = "<group>"; };
		87EB41E1295B9272006745C3 /* Menu.plist */ = {isa = PBXFileReference; lastKnownFileType = text.plist.xml; path = Menu.plist; sourceTree = "<group>"; };
		87EB41E3295CC246006745C3 /* MenuListProvider.swift */ = {isa = PBXFileReference; lastKnownFileType = sourcecode.swift; path = MenuListProvider.swift; sourceTree = "<group>"; };
/* End PBXFileReference section */

/* Begin PBXFrameworksBuildPhase section */
		87EB41A7295B076F006745C3 /* Frameworks */ = {
			isa = PBXFrameworksBuildPhase;
			buildActionMask = 2147483647;
			files = (
			);
			runOnlyForDeploymentPostprocessing = 0;
		};
		87EB41B7295B0770006745C3 /* Frameworks */ = {
			isa = PBXFrameworksBuildPhase;
			buildActionMask = 2147483647;
			files = (
			);
			runOnlyForDeploymentPostprocessing = 0;
		};
		87EB41C1295B0770006745C3 /* Frameworks */ = {
			isa = PBXFrameworksBuildPhase;
			buildActionMask = 2147483647;
			files = (
			);
			runOnlyForDeploymentPostprocessing = 0;
		};
/* End PBXFrameworksBuildPhase section */

/* Begin PBXGroup section */
		87EB41A1295B076F006745C3 = {
			isa = PBXGroup;
			children = (
				87EB41AC295B076F006745C3 /* SwiftDevelopersHandbook */,
				87EB41BD295B0770006745C3 /* SwiftDevelopersHandbookTests */,
				87EB41C7295B0770006745C3 /* SwiftDevelopersHandbookUITests */,
				87EB41AB295B076F006745C3 /* Products */,
			);
			sourceTree = "<group>";
		};
		87EB41AB295B076F006745C3 /* Products */ = {
			isa = PBXGroup;
			children = (
				87EB41AA295B076F006745C3 /* SwiftDevelopersHandbook.app */,
				87EB41BA295B0770006745C3 /* SwiftDevelopersHandbookTests.xctest */,
				87EB41C4295B0770006745C3 /* SwiftDevelopersHandbookUITests.xctest */,
			);
			name = Products;
			sourceTree = "<group>";
		};
		87EB41AC295B076F006745C3 /* SwiftDevelopersHandbook */ = {
			isa = PBXGroup;
			children = (
				87EB41E0295B91C6006745C3 /* Resources */,
				87EB41DA295B234E006745C3 /* Modules */,
				87EB41D9295B2349006745C3 /* Menu */,
				87EB41AD295B076F006745C3 /* SwiftDevelopersHandbookApp.swift */,
				87EB41B1295B0770006745C3 /* Assets.xcassets */,
				87EB41B3295B0770006745C3 /* Preview Content */,
			);
			path = SwiftDevelopersHandbook;
			sourceTree = "<group>";
		};
		87EB41B3295B0770006745C3 /* Preview Content */ = {
			isa = PBXGroup;
			children = (
				87EB41B4295B0770006745C3 /* Preview Assets.xcassets */,
			);
			path = "Preview Content";
			sourceTree = "<group>";
		};
		87EB41BD295B0770006745C3 /* SwiftDevelopersHandbookTests */ = {
			isa = PBXGroup;
			children = (
				87EB41BE295B0770006745C3 /* SwiftDevelopersHandbookTests.swift */,
			);
			path = SwiftDevelopersHandbookTests;
			sourceTree = "<group>";
		};
		87EB41C7295B0770006745C3 /* SwiftDevelopersHandbookUITests */ = {
			isa = PBXGroup;
			children = (
				87EB41C8295B0770006745C3 /* SwiftDevelopersHandbookUITests.swift */,
				87EB41CA295B0770006745C3 /* SwiftDevelopersHandbookUITestsLaunchTests.swift */,
			);
			path = SwiftDevelopersHandbookUITests;
			sourceTree = "<group>";
		};
		87EB41D9295B2349006745C3 /* Menu */ = {
			isa = PBXGroup;
			children = (
				87EB41DB295B235A006745C3 /* MenuView.swift */,
			);
			path = Menu;
			sourceTree = "<group>";
		};
		87EB41DA295B234E006745C3 /* Modules */ = {
			isa = PBXGroup;
			children = (
				87EB41DF295B8F06006745C3 /* Contents */,
				87EB41DD295B24D6006745C3 /* MainView.swift */,
			);
			path = Modules;
			sourceTree = "<group>";
		};
		87EB41DF295B8F06006745C3 /* Contents */ = {
			isa = PBXGroup;
			children = (
			);
			path = Contents;
			sourceTree = "<group>";
		};
		87EB41E0295B91C6006745C3 /* Resources */ = {
			isa = PBXGroup;
			children = (
				87EB41E1295B9272006745C3 /* Menu.plist */,
				87EB41E3295CC246006745C3 /* MenuListProvider.swift */,
			);
			path = Resources;
			sourceTree = "<group>";
		};
/* End PBXGroup section */

/* Begin PBXNativeTarget section */
		87EB41A9295B076F006745C3 /* SwiftDevelopersHandbook */ = {
			isa = PBXNativeTarget;
			buildConfigurationList = 87EB41CE295B0770006745C3 /* Build configuration list for PBXNativeTarget "SwiftDevelopersHandbook" */;
			buildPhases = (
				87EB41A6295B076F006745C3 /* Sources */,
				87EB41A7295B076F006745C3 /* Frameworks */,
				87EB41A8295B076F006745C3 /* Resources */,
				87EB41D8295B0A4A006745C3 /* ShellScript */,
			);
			buildRules = (
			);
			dependencies = (
			);
			name = SwiftDevelopersHandbook;
			productName = SwiftDevelopersHandbook;
			productReference = 87EB41AA295B076F006745C3 /* SwiftDevelopersHandbook.app */;
			productType = "com.apple.product-type.application";
		};
		87EB41B9295B0770006745C3 /* SwiftDevelopersHandbookTests */ = {
			isa = PBXNativeTarget;
			buildConfigurationList = 87EB41D1295B0770006745C3 /* Build configuration list for PBXNativeTarget "SwiftDevelopersHandbookTests" */;
			buildPhases = (
				87EB41B6295B0770006745C3 /* Sources */,
				87EB41B7295B0770006745C3 /* Frameworks */,
				87EB41B8295B0770006745C3 /* Resources */,
			);
			buildRules = (
			);
			dependencies = (
				87EB41BC295B0770006745C3 /* PBXTargetDependency */,
			);
			name = SwiftDevelopersHandbookTests;
			productName = SwiftDevelopersHandbookTests;
			productReference = 87EB41BA295B0770006745C3 /* SwiftDevelopersHandbookTests.xctest */;
			productType = "com.apple.product-type.bundle.unit-test";
		};
		87EB41C3295B0770006745C3 /* SwiftDevelopersHandbookUITests */ = {
			isa = PBXNativeTarget;
			buildConfigurationList = 87EB41D4295B0770006745C3 /* Build configuration list for PBXNativeTarget "SwiftDevelopersHandbookUITests" */;
			buildPhases = (
				87EB41C0295B0770006745C3 /* Sources */,
				87EB41C1295B0770006745C3 /* Frameworks */,
				87EB41C2295B0770006745C3 /* Resources */,
			);
			buildRules = (
			);
			dependencies = (
				87EB41C6295B0770006745C3 /* PBXTargetDependency */,
			);
			name = SwiftDevelopersHandbookUITests;
			productName = SwiftDevelopersHandbookUITests;
			productReference = 87EB41C4295B0770006745C3 /* SwiftDevelopersHandbookUITests.xctest */;
			productType = "com.apple.product-type.bundle.ui-testing";
		};
/* End PBXNativeTarget section */

/* Begin PBXProject section */
		87EB41A2295B076F006745C3 /* Project object */ = {
			isa = PBXProject;
			attributes = {
				BuildIndependentTargetsInParallel = 1;
				LastSwiftUpdateCheck = 1420;
				LastUpgradeCheck = 1420;
				TargetAttributes = {
					87EB41A9295B076F006745C3 = {
						CreatedOnToolsVersion = 14.2;
					};
					87EB41B9295B0770006745C3 = {
						CreatedOnToolsVersion = 14.2;
						TestTargetID = 87EB41A9295B076F006745C3;
					};
					87EB41C3295B0770006745C3 = {
						CreatedOnToolsVersion = 14.2;
						TestTargetID = 87EB41A9295B076F006745C3;
					};
				};
			};
			buildConfigurationList = 87EB41A5295B076F006745C3 /* Build configuration list for PBXProject "SwiftDevelopersHandbook" */;
			compatibilityVersion = "Xcode 14.0";
			developmentRegion = en;
			hasScannedForEncodings = 0;
			knownRegions = (
				en,
				Base,
			);
			mainGroup = 87EB41A1295B076F006745C3;
			productRefGroup = 87EB41AB295B076F006745C3 /* Products */;
			projectDirPath = "";
			projectRoot = "";
			targets = (
				87EB41A9295B076F006745C3 /* SwiftDevelopersHandbook */,
				87EB41B9295B0770006745C3 /* SwiftDevelopersHandbookTests */,
				87EB41C3295B0770006745C3 /* SwiftDevelopersHandbookUITests */,
			);
		};
/* End PBXProject section */

/* Begin PBXResourcesBuildPhase section */
		87EB41A8295B076F006745C3 /* Resources */ = {
			isa = PBXResourcesBuildPhase;
			buildActionMask = 2147483647;
			files = (
				87EB41B5295B0770006745C3 /* Preview Assets.xcassets in Resources */,
				87EB41B2295B0770006745C3 /* Assets.xcassets in Resources */,
				87EB41E2295B9272006745C3 /* Menu.plist in Resources */,
			);
			runOnlyForDeploymentPostprocessing = 0;
		};
		87EB41B8295B0770006745C3 /* Resources */ = {
			isa = PBXResourcesBuildPhase;
			buildActionMask = 2147483647;
			files = (
			);
			runOnlyForDeploymentPostprocessing = 0;
		};
		87EB41C2295B0770006745C3 /* Resources */ = {
			isa = PBXResourcesBuildPhase;
			buildActionMask = 2147483647;
			files = (
			);
			runOnlyForDeploymentPostprocessing = 0;
		};
/* End PBXResourcesBuildPhase section */

/* Begin PBXShellScriptBuildPhase section */
		87EB41D8295B0A4A006745C3 /* ShellScript */ = {
			isa = PBXShellScriptBuildPhase;
			buildActionMask = 2147483647;
			files = (
			);
			inputFileListPaths = (
			);
			inputPaths = (
			);
			outputFileListPaths = (
			);
			outputPaths = (
			);
			runOnlyForDeploymentPostprocessing = 0;
			shellPath = /bin/sh;
			shellScript = "if which swiftlint > /dev/null; then\n  swiftlint\nelse\n  echo \"warning: SwiftLint not installed, download from https://github.com/realm/SwiftLint\"\nfi\n";
		};
/* End PBXShellScriptBuildPhase section */

/* Begin PBXSourcesBuildPhase section */
		87EB41A6295B076F006745C3 /* Sources */ = {
			isa = PBXSourcesBuildPhase;
			buildActionMask = 2147483647;
			files = (
				87EB41DE295B24D6006745C3 /* MainView.swift in Sources */,
				87EB41E4295CC246006745C3 /* MenuListProvider.swift in Sources */,
				87EB41DC295B235A006745C3 /* MenuView.swift in Sources */,
				87EB41AE295B076F006745C3 /* SwiftDevelopersHandbookApp.swift in Sources */,
			);
			runOnlyForDeploymentPostprocessing = 0;
		};
		87EB41B6295B0770006745C3 /* Sources */ = {
			isa = PBXSourcesBuildPhase;
			buildActionMask = 2147483647;
			files = (
				87EB41BF295B0770006745C3 /* SwiftDevelopersHandbookTests.swift in Sources */,
			);
			runOnlyForDeploymentPostprocessing = 0;
		};
		87EB41C0295B0770006745C3 /* Sources */ = {
			isa = PBXSourcesBuildPhase;
			buildActionMask = 2147483647;
			files = (
				87EB41C9295B0770006745C3 /* SwiftDevelopersHandbookUITests.swift in Sources */,
				87EB41CB295B0770006745C3 /* SwiftDevelopersHandbookUITestsLaunchTests.swift in Sources */,
			);
			runOnlyForDeploymentPostprocessing = 0;
		};
/* End PBXSourcesBuildPhase section */

/* Begin PBXTargetDependency section */
		87EB41BC295B0770006745C3 /* PBXTargetDependency */ = {
			isa = PBXTargetDependency;
			target = 87EB41A9295B076F006745C3 /* SwiftDevelopersHandbook */;
			targetProxy = 87EB41BB295B0770006745C3 /* PBXContainerItemProxy */;
		};
		87EB41C6295B0770006745C3 /* PBXTargetDependency */ = {
			isa = PBXTargetDependency;
			target = 87EB41A9295B076F006745C3 /* SwiftDevelopersHandbook */;
			targetProxy = 87EB41C5295B0770006745C3 /* PBXContainerItemProxy */;
		};
/* End PBXTargetDependency section */

/* Begin XCBuildConfiguration section */
		87EB41CC295B0770006745C3 /* Debug */ = {
			isa = XCBuildConfiguration;
			buildSettings = {
				ALWAYS_SEARCH_USER_PATHS = NO;
				CLANG_ANALYZER_NONNULL = YES;
				CLANG_ANALYZER_NUMBER_OBJECT_CONVERSION = YES_AGGRESSIVE;
				CLANG_CXX_LANGUAGE_STANDARD = "gnu++20";
				CLANG_ENABLE_MODULES = YES;
				CLANG_ENABLE_OBJC_ARC = YES;
				CLANG_ENABLE_OBJC_WEAK = YES;
				CLANG_WARN_BLOCK_CAPTURE_AUTORELEASING = YES;
				CLANG_WARN_BOOL_CONVERSION = YES;
				CLANG_WARN_COMMA = YES;
				CLANG_WARN_CONSTANT_CONVERSION = YES;
				CLANG_WARN_DEPRECATED_OBJC_IMPLEMENTATIONS = YES;
				CLANG_WARN_DIRECT_OBJC_ISA_USAGE = YES_ERROR;
				CLANG_WARN_DOCUMENTATION_COMMENTS = YES;
				CLANG_WARN_EMPTY_BODY = YES;
				CLANG_WARN_ENUM_CONVERSION = YES;
				CLANG_WARN_INFINITE_RECURSION = YES;
				CLANG_WARN_INT_CONVERSION = YES;
				CLANG_WARN_NON_LITERAL_NULL_CONVERSION = YES;
				CLANG_WARN_OBJC_IMPLICIT_RETAIN_SELF = YES;
				CLANG_WARN_OBJC_LITERAL_CONVERSION = YES;
				CLANG_WARN_OBJC_ROOT_CLASS = YES_ERROR;
				CLANG_WARN_QUOTED_INCLUDE_IN_FRAMEWORK_HEADER = YES;
				CLANG_WARN_RANGE_LOOP_ANALYSIS = YES;
				CLANG_WARN_STRICT_PROTOTYPES = YES;
				CLANG_WARN_SUSPICIOUS_MOVE = YES;
				CLANG_WARN_UNGUARDED_AVAILABILITY = YES_AGGRESSIVE;
				CLANG_WARN_UNREACHABLE_CODE = YES;
				CLANG_WARN__DUPLICATE_METHOD_MATCH = YES;
				COPY_PHASE_STRIP = NO;
				DEBUG_INFORMATION_FORMAT = dwarf;
				ENABLE_STRICT_OBJC_MSGSEND = YES;
				ENABLE_TESTABILITY = YES;
				GCC_C_LANGUAGE_STANDARD = gnu11;
				GCC_DYNAMIC_NO_PIC = NO;
				GCC_NO_COMMON_BLOCKS = YES;
				GCC_OPTIMIZATION_LEVEL = 0;
				GCC_PREPROCESSOR_DEFINITIONS = (
					"DEBUG=1",
					"$(inherited)",
				);
				GCC_WARN_64_TO_32_BIT_CONVERSION = YES;
				GCC_WARN_ABOUT_RETURN_TYPE = YES_ERROR;
				GCC_WARN_UNDECLARED_SELECTOR = YES;
				GCC_WARN_UNINITIALIZED_AUTOS = YES_AGGRESSIVE;
				GCC_WARN_UNUSED_FUNCTION = YES;
				GCC_WARN_UNUSED_VARIABLE = YES;
				IPHONEOS_DEPLOYMENT_TARGET = 16.2;
				MTL_ENABLE_DEBUG_INFO = INCLUDE_SOURCE;
				MTL_FAST_MATH = YES;
				ONLY_ACTIVE_ARCH = YES;
				SDKROOT = iphoneos;
				SWIFT_ACTIVE_COMPILATION_CONDITIONS = DEBUG;
				SWIFT_OPTIMIZATION_LEVEL = "-Onone";
			};
			name = Debug;
		};
		87EB41CD295B0770006745C3 /* Release */ = {
			isa = XCBuildConfiguration;
			buildSettings = {
				ALWAYS_SEARCH_USER_PATHS = NO;
				CLANG_ANALYZER_NONNULL = YES;
				CLANG_ANALYZER_NUMBER_OBJECT_CONVERSION = YES_AGGRESSIVE;
				CLANG_CXX_LANGUAGE_STANDARD = "gnu++20";
				CLANG_ENABLE_MODULES = YES;
				CLANG_ENABLE_OBJC_ARC = YES;
				CLANG_ENABLE_OBJC_WEAK = YES;
				CLANG_WARN_BLOCK_CAPTURE_AUTORELEASING = YES;
				CLANG_WARN_BOOL_CONVERSION = YES;
				CLANG_WARN_COMMA = YES;
				CLANG_WARN_CONSTANT_CONVERSION = YES;
				CLANG_WARN_DEPRECATED_OBJC_IMPLEMENTATIONS = YES;
				CLANG_WARN_DIRECT_OBJC_ISA_USAGE = YES_ERROR;
				CLANG_WARN_DOCUMENTATION_COMMENTS = YES;
				CLANG_WARN_EMPTY_BODY = YES;
				CLANG_WARN_ENUM_CONVERSION = YES;
				CLANG_WARN_INFINITE_RECURSION = YES;
				CLANG_WARN_INT_CONVERSION = YES;
				CLANG_WARN_NON_LITERAL_NULL_CONVERSION = YES;
				CLANG_WARN_OBJC_IMPLICIT_RETAIN_SELF = YES;
				CLANG_WARN_OBJC_LITERAL_CONVERSION = YES;
				CLANG_WARN_OBJC_ROOT_CLASS = YES_ERROR;
				CLANG_WARN_QUOTED_INCLUDE_IN_FRAMEWORK_HEADER = YES;
				CLANG_WARN_RANGE_LOOP_ANALYSIS = YES;
				CLANG_WARN_STRICT_PROTOTYPES = YES;
				CLANG_WARN_SUSPICIOUS_MOVE = YES;
				CLANG_WARN_UNGUARDED_AVAILABILITY = YES_AGGRESSIVE;
				CLANG_WARN_UNREACHABLE_CODE = YES;
				CLANG_WARN__DUPLICATE_METHOD_MATCH = YES;
				COPY_PHASE_STRIP = NO;
				DEBUG_INFORMATION_FORMAT = "dwarf-with-dsym";
				ENABLE_NS_ASSERTIONS = NO;
				ENABLE_STRICT_OBJC_MSGSEND = YES;
				GCC_C_LANGUAGE_STANDARD = gnu11;
				GCC_NO_COMMON_BLOCKS = YES;
				GCC_WARN_64_TO_32_BIT_CONVERSION = YES;
				GCC_WARN_ABOUT_RETURN_TYPE = YES_ERROR;
				GCC_WARN_UNDECLARED_SELECTOR = YES;
				GCC_WARN_UNINITIALIZED_AUTOS = YES_AGGRESSIVE;
				GCC_WARN_UNUSED_FUNCTION = YES;
				GCC_WARN_UNUSED_VARIABLE = YES;
				IPHONEOS_DEPLOYMENT_TARGET = 16.2;
				MTL_ENABLE_DEBUG_INFO = NO;
				MTL_FAST_MATH = YES;
				SDKROOT = iphoneos;
				SWIFT_COMPILATION_MODE = wholemodule;
				SWIFT_OPTIMIZATION_LEVEL = "-O";
				VALIDATE_PRODUCT = YES;
			};
			name = Release;
		};
		87EB41CF295B0770006745C3 /* Debug */ = {
			isa = XCBuildConfiguration;
			buildSettings = {
				ASSETCATALOG_COMPILER_APPICON_NAME = AppIcon;
				ASSETCATALOG_COMPILER_GLOBAL_ACCENT_COLOR_NAME = AccentColor;
				CODE_SIGN_STYLE = Automatic;
				CURRENT_PROJECT_VERSION = 1;
				DEVELOPMENT_ASSET_PATHS = "\"SwiftDevelopersHandbook/Preview Content\"";
				ENABLE_PREVIEWS = YES;
				GENERATE_INFOPLIST_FILE = YES;
				INFOPLIST_KEY_LSApplicationCategoryType = "public.app-category.education";
				INFOPLIST_KEY_UIApplicationSceneManifest_Generation = YES;
				INFOPLIST_KEY_UIApplicationSupportsIndirectInputEvents = YES;
				INFOPLIST_KEY_UILaunchScreen_Generation = YES;
				INFOPLIST_KEY_UISupportedInterfaceOrientations = UIInterfaceOrientationPortrait;
				IPHONEOS_DEPLOYMENT_TARGET = 15.0;
				LD_RUNPATH_SEARCH_PATHS = (
					"$(inherited)",
					"@executable_path/Frameworks",
				);
				MARKETING_VERSION = 1.0;
				PRODUCT_BUNDLE_IDENTIFIER = com.app.SwiftDevelopersHandbook;
				PRODUCT_NAME = "$(TARGET_NAME)";
				SWIFT_EMIT_LOC_STRINGS = YES;
				SWIFT_VERSION = 5.0;
				TARGETED_DEVICE_FAMILY = "1,2";
			};
			name = Debug;
		};
		87EB41D0295B0770006745C3 /* Release */ = {
			isa = XCBuildConfiguration;
			buildSettings = {
				ASSETCATALOG_COMPILER_APPICON_NAME = AppIcon;
				ASSETCATALOG_COMPILER_GLOBAL_ACCENT_COLOR_NAME = AccentColor;
				CODE_SIGN_STYLE = Automatic;
				CURRENT_PROJECT_VERSION = 1;
				DEVELOPMENT_ASSET_PATHS = "\"SwiftDevelopersHandbook/Preview Content\"";
				ENABLE_PREVIEWS = YES;
				GENERATE_INFOPLIST_FILE = YES;
				INFOPLIST_KEY_LSApplicationCategoryType = "public.app-category.education";
				INFOPLIST_KEY_UIApplicationSceneManifest_Generation = YES;
				INFOPLIST_KEY_UIApplicationSupportsIndirectInputEvents = YES;
				INFOPLIST_KEY_UILaunchScreen_Generation = YES;
				INFOPLIST_KEY_UISupportedInterfaceOrientations = UIInterfaceOrientationPortrait;
				IPHONEOS_DEPLOYMENT_TARGET = 15.0;
				LD_RUNPATH_SEARCH_PATHS = (
					"$(inherited)",
					"@executable_path/Frameworks",
				);
				MARKETING_VERSION = 1.0;
				PRODUCT_BUNDLE_IDENTIFIER = com.app.SwiftDevelopersHandbook;
				PRODUCT_NAME = "$(TARGET_NAME)";
				SWIFT_EMIT_LOC_STRINGS = YES;
				SWIFT_VERSION = 5.0;
				TARGETED_DEVICE_FAMILY = "1,2";
			};
			name = Release;
		};
		87EB41D2295B0770006745C3 /* Debug */ = {
			isa = XCBuildConfiguration;
			buildSettings = {
				ALWAYS_EMBED_SWIFT_STANDARD_LIBRARIES = YES;
				BUNDLE_LOADER = "$(TEST_HOST)";
				CODE_SIGN_STYLE = Automatic;
				CURRENT_PROJECT_VERSION = 1;
				GENERATE_INFOPLIST_FILE = YES;
				IPHONEOS_DEPLOYMENT_TARGET = 16.2;
				MARKETING_VERSION = 1.0;
				PRODUCT_BUNDLE_IDENTIFIER = com.app.SwiftDevelopersHandbookTests;
				PRODUCT_NAME = "$(TARGET_NAME)";
				SWIFT_EMIT_LOC_STRINGS = NO;
				SWIFT_VERSION = 5.0;
				TARGETED_DEVICE_FAMILY = "1,2";
				TEST_HOST = "$(BUILT_PRODUCTS_DIR)/SwiftDevelopersHandbook.app/$(BUNDLE_EXECUTABLE_FOLDER_PATH)/SwiftDevelopersHandbook";
			};
			name = Debug;
		};
		87EB41D3295B0770006745C3 /* Release */ = {
			isa = XCBuildConfiguration;
			buildSettings = {
				ALWAYS_EMBED_SWIFT_STANDARD_LIBRARIES = YES;
				BUNDLE_LOADER = "$(TEST_HOST)";
				CODE_SIGN_STYLE = Automatic;
				CURRENT_PROJECT_VERSION = 1;
				GENERATE_INFOPLIST_FILE = YES;
				IPHONEOS_DEPLOYMENT_TARGET = 16.2;
				MARKETING_VERSION = 1.0;
				PRODUCT_BUNDLE_IDENTIFIER = com.app.SwiftDevelopersHandbookTests;
				PRODUCT_NAME = "$(TARGET_NAME)";
				SWIFT_EMIT_LOC_STRINGS = NO;
				SWIFT_VERSION = 5.0;
				TARGETED_DEVICE_FAMILY = "1,2";
				TEST_HOST = "$(BUILT_PRODUCTS_DIR)/SwiftDevelopersHandbook.app/$(BUNDLE_EXECUTABLE_FOLDER_PATH)/SwiftDevelopersHandbook";
			};
			name = Release;
		};
		87EB41D5295B0770006745C3 /* Debug */ = {
			isa = XCBuildConfiguration;
			buildSettings = {
				ALWAYS_EMBED_SWIFT_STANDARD_LIBRARIES = YES;
				CODE_SIGN_STYLE = Automatic;
				CURRENT_PROJECT_VERSION = 1;
				GENERATE_INFOPLIST_FILE = YES;
				MARKETING_VERSION = 1.0;
				PRODUCT_BUNDLE_IDENTIFIER = com.app.SwiftDevelopersHandbookUITests;
				PRODUCT_NAME = "$(TARGET_NAME)";
				SWIFT_EMIT_LOC_STRINGS = NO;
				SWIFT_VERSION = 5.0;
				TARGETED_DEVICE_FAMILY = "1,2";
				TEST_TARGET_NAME = SwiftDevelopersHandbook;
			};
			name = Debug;
		};
		87EB41D6295B0770006745C3 /* Release */ = {
			isa = XCBuildConfiguration;
			buildSettings = {
				ALWAYS_EMBED_SWIFT_STANDARD_LIBRARIES = YES;
				CODE_SIGN_STYLE = Automatic;
				CURRENT_PROJECT_VERSION = 1;
				GENERATE_INFOPLIST_FILE = YES;
				MARKETING_VERSION = 1.0;
				PRODUCT_BUNDLE_IDENTIFIER = com.app.SwiftDevelopersHandbookUITests;
				PRODUCT_NAME = "$(TARGET_NAME)";
				SWIFT_EMIT_LOC_STRINGS = NO;
				SWIFT_VERSION = 5.0;
				TARGETED_DEVICE_FAMILY = "1,2";
				TEST_TARGET_NAME = SwiftDevelopersHandbook;
			};
			name = Release;
		};
/* End XCBuildConfiguration section */

/* Begin XCConfigurationList section */
		87EB41A5295B076F006745C3 /* Build configuration list for PBXProject "SwiftDevelopersHandbook" */ = {
			isa = XCConfigurationList;
			buildConfigurations = (
				87EB41CC295B0770006745C3 /* Debug */,
				87EB41CD295B0770006745C3 /* Release */,
			);
			defaultConfigurationIsVisible = 0;
			defaultConfigurationName = Release;
		};
		87EB41CE295B0770006745C3 /* Build configuration list for PBXNativeTarget "SwiftDevelopersHandbook" */ = {
			isa = XCConfigurationList;
			buildConfigurations = (
				87EB41CF295B0770006745C3 /* Debug */,
				87EB41D0295B0770006745C3 /* Release */,
			);
			defaultConfigurationIsVisible = 0;
			defaultConfigurationName = Release;
		};
		87EB41D1295B0770006745C3 /* Build configuration list for PBXNativeTarget "SwiftDevelopersHandbookTests" */ = {
			isa = XCConfigurationList;
			buildConfigurations = (
				87EB41D2295B0770006745C3 /* Debug */,
				87EB41D3295B0770006745C3 /* Release */,
			);
			defaultConfigurationIsVisible = 0;
			defaultConfigurationName = Release;
		};
		87EB41D4295B0770006745C3 /* Build configuration list for PBXNativeTarget "SwiftDevelopersHandbookUITests" */ = {
			isa = XCConfigurationList;
			buildConfigurations = (
				87EB41D5295B0770006745C3 /* Debug */,
				87EB41D6295B0770006745C3 /* Release */,
			);
			defaultConfigurationIsVisible = 0;
			defaultConfigurationName = Release;
		};
/* End XCConfigurationList section */
	};
	rootObject = 87EB41A2295B076F006745C3 /* Project object */;
}
